
Microsoft Visual Studio Solution File, Format Version 12.00
# Visual Studio Version 17
VisualStudioVersion = 17.3.32922.545
MinimumVisualStudioVersion = 10.0.40219.1
Project("{FAE04EC0-301F-11D3-BF4B-00C04F79EFBC}") = "YouTubeViewers.WPF", "YouTubeViewers.WPF\YouTubeViewers.WPF.csproj", "{9093944E-55BB-4893-9477-C33B48BFB8DA}"
EndProject
Global
	GlobalSection(SolutionConfigurationPlatforms) = preSolution
		Debug|Any CPU = Debug|Any CPU
		Release|Any CPU = Release|Any CPU
	EndGlobalSection
	GlobalSection(ProjectConfigurationPlatforms) = postSolution
		{9093944E-55BB-4893-9477-C33B48BFB8DA}.Debug|Any CPU.ActiveCfg = Debug|Any CPU
		{9093944E-55BB-4893-9477-C33B48BFB8DA}.Debug|Any CPU.Build.0 = Debug|Any CPU
		{9093944E-55BB-4893-9477-C33B48BFB8DA}.Release|Any CPU.ActiveCfg = Release|Any CPU
		{9093944E-55BB-4893-9477-C33B48BFB8DA}.Release|Any CPU.Build.0 = Release|Any CPU
	EndGlobalSection
	GlobalSection(SolutionProperties) = preSolution
		HideSolutionNode = FALSE
	EndGlobalSection
	GlobalSection(ExtensibilityGlobals) = postSolution
		SolutionGuid = {F1C181F2-1621-41A1-ACBC-F08E9CF53587}
	EndGlobalSection
EndGlobal
